
Microsoft Visual Studio Solution File, Format Version 12.00
# Visual Studio Version 17
VisualStudioVersion = 17.11.34909.67
MinimumVisualStudioVersion = 10.0.40219.1
Project("{FAE04EC0-301F-11D3-BF4B-00C04F79EFBC}") = "DeviceManagementSystem", "DeviceManagementSystem\DeviceManagementSystem.csproj", "{FC07D302-351B-41FB-B455-61B70AF23256}"
EndProject
Global
	GlobalSection(SolutionConfigurationPlatforms) = preSolution
		Debug|Any CPU = Debug|Any CPU
		Release|Any CPU = Release|Any CPU
	EndGlobalSection
	GlobalSection(ProjectConfigurationPlatforms) = postSolution
		{FC07D302-351B-41FB-B455-61B70AF23256}.Debug|Any CPU.ActiveCfg = Debug|Any CPU
		{FC07D302-351B-41FB-B455-61B70AF23256}.Debug|Any CPU.Build.0 = Debug|Any CPU
		{FC07D302-351B-41FB-B455-61B70AF23256}.Release|Any CPU.ActiveCfg = Release|Any CPU
		{FC07D302-351B-41FB-B455-61B70AF23256}.Release|Any CPU.Build.0 = Release|Any CPU
	EndGlobalSection
	GlobalSection(SolutionProperties) = preSolution
		HideSolutionNode = FALSE
	EndGlobalSection
	GlobalSection(ExtensibilityGlobals) = postSolution
		SolutionGuid = {03A948A4-EC49-45EA-BFF0-6185B11A1727}
	EndGlobalSection
EndGlobal
